
Microsoft Visual Studio Solution File, Format Version 12.00
# Visual Studio Version 17
VisualStudioVersion = 17.6.33815.320
MinimumVisualStudioVersion = 10.0.40219.1
Project("{FAE04EC0-301F-11D3-BF4B-00C04F79EFBC}") = "VapeV4", "VapeV4\VapeV4.csproj", "{73ECDD66-C13F-4201-821A-ADD6D8EF4947}"
EndProject
Global
	GlobalSection(SolutionConfigurationPlatforms) = preSolution
		Debug|Any CPU = Debug|Any CPU
		Release|Any CPU = Release|Any CPU
	EndGlobalSection
	GlobalSection(ProjectConfigurationPlatforms) = postSolution
		{73ECDD66-C13F-4201-821A-ADD6D8EF4947}.Debug|Any CPU.ActiveCfg = Debug|Any CPU
		{73ECDD66-C13F-4201-821A-ADD6D8EF4947}.Debug|Any CPU.Build.0 = Debug|Any CPU
		{73ECDD66-C13F-4201-821A-ADD6D8EF4947}.Release|Any CPU.ActiveCfg = Release|Any CPU
		{73ECDD66-C13F-4201-821A-ADD6D8EF4947}.Release|Any CPU.Build.0 = Release|Any CPU
	EndGlobalSection
	GlobalSection(SolutionProperties) = preSolution
		HideSolutionNode = FALSE
	EndGlobalSection
	GlobalSection(ExtensibilityGlobals) = postSolution
		SolutionGuid = {D0F68BC4-3BE2-4429-8846-F0021E0D41A6}
	EndGlobalSection
EndGlobal
